
Microsoft Visual Studio Solution File, Format Version 12.00
# Visual Studio Version 16
VisualStudioVersion = 16.0.29509.3
MinimumVisualStudioVersion = 10.0.40219.1
Project("{FAE04EC0-301F-11D3-BF4B-00C04F79EFBC}") = "house-inventory", "house-inventory\house-inventory.csproj", "{C6B85E4C-07FA-4B54-ABC3-CA09F6320564}"
EndProject
Global
	GlobalSection(SolutionConfigurationPlatforms) = preSolution
		Debug|Any CPU = Debug|Any CPU
		Release|Any CPU = Release|Any CPU
	EndGlobalSection
	GlobalSection(ProjectConfigurationPlatforms) = postSolution
		{C6B85E4C-07FA-4B54-ABC3-CA09F6320564}.Debug|Any CPU.ActiveCfg = Debug|Any CPU
		{C6B85E4C-07FA-4B54-ABC3-CA09F6320564}.Debug|Any CPU.Build.0 = Debug|Any CPU
		{C6B85E4C-07FA-4B54-ABC3-CA09F6320564}.Release|Any CPU.ActiveCfg = Release|Any CPU
		{C6B85E4C-07FA-4B54-ABC3-CA09F6320564}.Release|Any CPU.Build.0 = Release|Any CPU
	EndGlobalSection
	GlobalSection(SolutionProperties) = preSolution
		HideSolutionNode = FALSE
	EndGlobalSection
	GlobalSection(ExtensibilityGlobals) = postSolution
		SolutionGuid = {264AB6FB-1E2F-48CE-832A-7A66E382A1C8}
	EndGlobalSection
EndGlobal
